
Microsoft Visual Studio Solution File, Format Version 12.00
# Visual Studio 2013
VisualStudioVersion = 12.0.30723.0
MinimumVisualStudioVersion = 10.0.40219.1
Project("{FAE04EC0-301F-11D3-BF4B-00C04F79EFBC}") = "01_Console_Giris", "Console_Giris\01_Console_Giris.csproj", "{DDF18939-8F4E-433E-B535-CB1376C8464D}"
EndProject
Project("{FAE04EC0-301F-11D3-BF4B-00C04F79EFBC}") = "02_Console_Datatypes", "Console_Datatypes\02_Console_Datatypes.csproj", "{F161F3D9-2761-4CE9-AF9F-2F88463A46A2}"
EndProject
Project("{FAE04EC0-301F-11D3-BF4B-00C04F79EFBC}") = "03_Console_Operators", "03_Console_Operators\03_Console_Operators.csproj", "{DD726033-4A83-46ED-B555-64C13896E7C4}"
EndProject
Project("{FAE04EC0-301F-11D3-BF4B-00C04F79EFBC}") = "04_Console_Conventions", "04_Console_Convertions\04_Console_Conventions.csproj", "{42F6BB6D-A7F7-4811-9978-5FFB2A8037E5}"
EndProject
Project("{FAE04EC0-301F-11D3-BF4B-00C04F79EFBC}") = "05_Console_İf-Else", "05_Console_İf-Else\05_Console_İf-Else.csproj", "{AE7A91CC-449C-46BE-9F9C-013BAB795A6A}"
EndProject
Project("{FAE04EC0-301F-11D3-BF4B-00C04F79EFBC}") = "06_Console_Switch_Case", "06_Console_Switch_Case\06_Console_Switch_Case.csproj", "{3529FF33-3821-4F85-9058-1A5BFDA57CFB}"
EndProject
Project("{FAE04EC0-301F-11D3-BF4B-00C04F79EFBC}") = "07_Console_While", "07_Console_While\07_Console_While.csproj", "{FEAF3BBF-1C06-43B1-B483-764D8C12A075}"
EndProject
Project("{FAE04EC0-301F-11D3-BF4B-00C04F79EFBC}") = "08_Console_Arrays", "Console_Arrays\08_Console_Arrays.csproj", "{74B2BA02-ABCF-408C-8226-5BF8A357857E}"
EndProject
Project("{FAE04EC0-301F-11D3-BF4B-00C04F79EFBC}") = "10_Console_Methods01", "09_Console_Methods01\10_Console_Methods01.csproj", "{029C28E9-5E69-472C-8CC6-9A18B20E450B}"
EndProject
Project("{FAE04EC0-301F-11D3-BF4B-00C04F79EFBC}") = "09_Console.Methods00", "10_Console.Methods00\09_Console.Methods00.csproj", "{B18CE216-9353-4475-BE76-F0DC16B51CB2}"
EndProject
Project("{FAE04EC0-301F-11D3-BF4B-00C04F79EFBC}") = "11_Console_ParamsKeyword", "ParamsKeyword\11_Console_ParamsKeyword.csproj", "{036020C5-D535-4AFD-B56E-05A664E5DA8D}"
EndProject
Project("{FAE04EC0-301F-11D3-BF4B-00C04F79EFBC}") = "12_Console_RefOutKeywords", "12_Console_RefOutKeywords\12_Console_RefOutKeywords.csproj", "{0579A93F-44A5-470D-A442-499993EF8C60}"
EndProject
Project("{FAE04EC0-301F-11D3-BF4B-00C04F79EFBC}") = "13_Console_RefParameters", "13_Console_RefParameters\13_Console_RefParameters.csproj", "{05509BBB-2DCE-4310-A37C-E6D22FBA7C26}"
EndProject
Project("{FAE04EC0-301F-11D3-BF4B-00C04F79EFBC}") = "14_Console_RecursiveMethods", "14_Console_RecursiveMethods\14_Console_RecursiveMethods.csproj", "{1DE17A9B-190F-4C6A-A75D-B4E61050EA47}"
EndProject
Project("{FAE04EC0-301F-11D3-BF4B-00C04F79EFBC}") = "15_Console_RandomClass", "15_Console_RandomClass\15_Console_RandomClass.csproj", "{A8F66B9B-C8FA-4A1E-9BFB-6E0B576FA768}"
EndProject
Global
	GlobalSection(SolutionConfigurationPlatforms) = preSolution
		Debug|Any CPU = Debug|Any CPU
		Release|Any CPU = Release|Any CPU
	EndGlobalSection
	GlobalSection(ProjectConfigurationPlatforms) = postSolution
		{DDF18939-8F4E-433E-B535-CB1376C8464D}.Debug|Any CPU.ActiveCfg = Debug|Any CPU
		{DDF18939-8F4E-433E-B535-CB1376C8464D}.Debug|Any CPU.Build.0 = Debug|Any CPU
		{DDF18939-8F4E-433E-B535-CB1376C8464D}.Release|Any CPU.ActiveCfg = Release|Any CPU
		{DDF18939-8F4E-433E-B535-CB1376C8464D}.Release|Any CPU.Build.0 = Release|Any CPU
		{F161F3D9-2761-4CE9-AF9F-2F88463A46A2}.Debug|Any CPU.ActiveCfg = Debug|Any CPU
		{F161F3D9-2761-4CE9-AF9F-2F88463A46A2}.Debug|Any CPU.Build.0 = Debug|Any CPU
		{F161F3D9-2761-4CE9-AF9F-2F88463A46A2}.Release|Any CPU.ActiveCfg = Release|Any CPU
		{F161F3D9-2761-4CE9-AF9F-2F88463A46A2}.Release|Any CPU.Build.0 = Release|Any CPU
		{DD726033-4A83-46ED-B555-64C13896E7C4}.Debug|Any CPU.ActiveCfg = Debug|Any CPU
		{DD726033-4A83-46ED-B555-64C13896E7C4}.Debug|Any CPU.Build.0 = Debug|Any CPU
		{DD726033-4A83-46ED-B555-64C13896E7C4}.Release|Any CPU.ActiveCfg = Release|Any CPU
		{DD726033-4A83-46ED-B555-64C13896E7C4}.Release|Any CPU.Build.0 = Release|Any CPU
		{42F6BB6D-A7F7-4811-9978-5FFB2A8037E5}.Debug|Any CPU.ActiveCfg = Debug|Any CPU
		{42F6BB6D-A7F7-4811-9978-5FFB2A8037E5}.Debug|Any CPU.Build.0 = Debug|Any CPU
		{42F6BB6D-A7F7-4811-9978-5FFB2A8037E5}.Release|Any CPU.ActiveCfg = Release|Any CPU
		{42F6BB6D-A7F7-4811-9978-5FFB2A8037E5}.Release|Any CPU.Build.0 = Release|Any CPU
		{AE7A91CC-449C-46BE-9F9C-013BAB795A6A}.Debug|Any CPU.ActiveCfg = Debug|Any CPU
		{AE7A91CC-449C-46BE-9F9C-013BAB795A6A}.Debug|Any CPU.Build.0 = Debug|Any CPU
		{AE7A91CC-449C-46BE-9F9C-013BAB795A6A}.Release|Any CPU.ActiveCfg = Release|Any CPU
		{AE7A91CC-449C-46BE-9F9C-013BAB795A6A}.Release|Any CPU.Build.0 = Release|Any CPU
		{3529FF33-3821-4F85-9058-1A5BFDA57CFB}.Debug|Any CPU.ActiveCfg = Debug|Any CPU
		{3529FF33-3821-4F85-9058-1A5BFDA57CFB}.Debug|Any CPU.Build.0 = Debug|Any CPU
		{3529FF33-3821-4F85-9058-1A5BFDA57CFB}.Release|Any CPU.ActiveCfg = Release|Any CPU
		{3529FF33-3821-4F85-9058-1A5BFDA57CFB}.Release|Any CPU.Build.0 = Release|Any CPU
		{FEAF3BBF-1C06-43B1-B483-764D8C12A075}.Debug|Any CPU.ActiveCfg = Debug|Any CPU
		{FEAF3BBF-1C06-43B1-B483-764D8C12A075}.Debug|Any CPU.Build.0 = Debug|Any CPU
		{FEAF3BBF-1C06-43B1-B483-764D8C12A075}.Release|Any CPU.ActiveCfg = Release|Any CPU
		{FEAF3BBF-1C06-43B1-B483-764D8C12A075}.Release|Any CPU.Build.0 = Release|Any CPU
		{74B2BA02-ABCF-408C-8226-5BF8A357857E}.Debug|Any CPU.ActiveCfg = Debug|Any CPU
		{74B2BA02-ABCF-408C-8226-5BF8A357857E}.Debug|Any CPU.Build.0 = Debug|Any CPU
		{74B2BA02-ABCF-408C-8226-5BF8A357857E}.Release|Any CPU.ActiveCfg = Release|Any CPU
		{74B2BA02-ABCF-408C-8226-5BF8A357857E}.Release|Any CPU.Build.0 = Release|Any CPU
		{029C28E9-5E69-472C-8CC6-9A18B20E450B}.Debug|Any CPU.ActiveCfg = Debug|Any CPU
		{029C28E9-5E69-472C-8CC6-9A18B20E450B}.Debug|Any CPU.Build.0 = Debug|Any CPU
		{029C28E9-5E69-472C-8CC6-9A18B20E450B}.Release|Any CPU.ActiveCfg = Release|Any CPU
		{029C28E9-5E69-472C-8CC6-9A18B20E450B}.Release|Any CPU.Build.0 = Release|Any CPU
		{B18CE216-9353-4475-BE76-F0DC16B51CB2}.Debug|Any CPU.ActiveCfg = Debug|Any CPU
		{B18CE216-9353-4475-BE76-F0DC16B51CB2}.Debug|Any CPU.Build.0 = Debug|Any CPU
		{B18CE216-9353-4475-BE76-F0DC16B51CB2}.Release|Any CPU.ActiveCfg = Release|Any CPU
		{B18CE216-9353-4475-BE76-F0DC16B51CB2}.Release|Any CPU.Build.0 = Release|Any CPU
		{036020C5-D535-4AFD-B56E-05A664E5DA8D}.Debug|Any CPU.ActiveCfg = Debug|Any CPU
		{036020C5-D535-4AFD-B56E-05A664E5DA8D}.Debug|Any CPU.Build.0 = Debug|Any CPU
		{036020C5-D535-4AFD-B56E-05A664E5DA8D}.Release|Any CPU.ActiveCfg = Release|Any CPU
		{036020C5-D535-4AFD-B56E-05A664E5DA8D}.Release|Any CPU.Build.0 = Release|Any CPU
		{0579A93F-44A5-470D-A442-499993EF8C60}.Debug|Any CPU.ActiveCfg = Debug|Any CPU
		{0579A93F-44A5-470D-A442-499993EF8C60}.Debug|Any CPU.Build.0 = Debug|Any CPU
		{0579A93F-44A5-470D-A442-499993EF8C60}.Release|Any CPU.ActiveCfg = Release|Any CPU
		{0579A93F-44A5-470D-A442-499993EF8C60}.Release|Any CPU.Build.0 = Release|Any CPU
		{05509BBB-2DCE-4310-A37C-E6D22FBA7C26}.Debug|Any CPU.ActiveCfg = Debug|Any CPU
		{05509BBB-2DCE-4310-A37C-E6D22FBA7C26}.Debug|Any CPU.Build.0 = Debug|Any CPU
		{05509BBB-2DCE-4310-A37C-E6D22FBA7C26}.Release|Any CPU.ActiveCfg = Release|Any CPU
		{05509BBB-2DCE-4310-A37C-E6D22FBA7C26}.Release|Any CPU.Build.0 = Release|Any CPU
		{1DE17A9B-190F-4C6A-A75D-B4E61050EA47}.Debug|Any CPU.ActiveCfg = Debug|Any CPU
		{1DE17A9B-190F-4C6A-A75D-B4E61050EA47}.Debug|Any CPU.Build.0 = Debug|Any CPU
		{1DE17A9B-190F-4C6A-A75D-B4E61050EA47}.Release|Any CPU.ActiveCfg = Release|Any CPU
		{1DE17A9B-190F-4C6A-A75D-B4E61050EA47}.Release|Any CPU.Build.0 = Release|Any CPU
		{A8F66B9B-C8FA-4A1E-9BFB-6E0B576FA768}.Debug|Any CPU.ActiveCfg = Debug|Any CPU
		{A8F66B9B-C8FA-4A1E-9BFB-6E0B576FA768}.Debug|Any CPU.Build.0 = Debug|Any CPU
		{A8F66B9B-C8FA-4A1E-9BFB-6E0B576FA768}.Release|Any CPU.ActiveCfg = Release|Any CPU
		{A8F66B9B-C8FA-4A1E-9BFB-6E0B576FA768}.Release|Any CPU.Build.0 = Release|Any CPU
	EndGlobalSection
	GlobalSection(SolutionProperties) = preSolution
		HideSolutionNode = FALSE
	EndGlobalSection
EndGlobal
